// !$*UTF8*$!
{
	archiveVersion = 1;
	classes = {
	};
	objectVersion = 46;
	objects = {

/* Begin PBXBuildFile section */
		7A0F986F7650A5E1D6D120B7 /* Pods_Quiz.framework in Frameworks */ = {isa = PBXBuildFile; fileRef = ABB1549B45609E974DE7358D /* Pods_Quiz.framework */; };
		ABB1EAE51F2088EE00772B97 /* AppDelegate.swift in Sources */ = {isa = PBXBuildFile; fileRef = ABB1EAE41F2088EE00772B97 /* AppDelegate.swift */; };
		ABB1EAE71F2088EE00772B97 /* ViewController.swift in Sources */ = {isa = PBXBuildFile; fileRef = ABB1EAE61F2088EE00772B97 /* ViewController.swift */; };
		ABB1EAEA1F2088EE00772B97 /* Main.storyboard in Resources */ = {isa = PBXBuildFile; fileRef = ABB1EAE81F2088EE00772B97 /* Main.storyboard */; };
		ABB1EAEC1F2088EE00772B97 /* Assets.xcassets in Resources */ = {isa = PBXBuildFile; fileRef = ABB1EAEB1F2088EE00772B97 /* Assets.xcassets */; };
		ABB1EAEF1F2088EE00772B97 /* LaunchScreen.storyboard in Resources */ = {isa = PBXBuildFile; fileRef = ABB1EAED1F2088EE00772B97 /* LaunchScreen.storyboard */; };
		ABB1EAF71F208B3D00772B97 /* kodarenja.jpg in Resources */ = {isa = PBXBuildFile; fileRef = ABB1EAF61F208B3D00772B97 /* kodarenja.jpg */; };
		ABB1EAFB1F208D1500772B97 /* seibusen.png in Resources */ = {isa = PBXBuildFile; fileRef = ABB1EAFA1F208D1500772B97 /* seibusen.png */; };
		ABB1EAFD1F2090AC00772B97 /* Quiz.swift in Sources */ = {isa = PBXBuildFile; fileRef = ABB1EAFC1F2090AC00772B97 /* Quiz.swift */; };
		ABB1EAFF1F26FD0400772B97 /* RadarChartViewController.swift in Sources */ = {isa = PBXBuildFile; fileRef = ABB1EAFE1F26FD0400772B97 /* RadarChartViewController.swift */; };
		ABB1EB011F27016600772B97 /* blueberry in Resources */ = {isa = PBXBuildFile; fileRef = ABB1EB001F27016600772B97 /* blueberry */; };
		ABB1EB031F2730E400772B97 /* 003346-glossy-black-icon-media-a-media31-back.png in Resources */ = {isa = PBXBuildFile; fileRef = ABB1EB021F2730E400772B97 /* 003346-glossy-black-icon-media-a-media31-back.png */; };
		ABB1EB061F28553D00772B97 /* trumpet1.mp3 in Resources */ = {isa = PBXBuildFile; fileRef = ABB1EB051F28553D00772B97 /* trumpet1.mp3 */; };
		ABB1EB081F28598800772B97 /* kodarenja_yoko.jpg in Resources */ = {isa = PBXBuildFile; fileRef = ABB1EB071F28598800772B97 /* kodarenja_yoko.jpg */; };
		ABB1EB0A1F285A4A00772B97 /* ImageInstallViewController.swift in Sources */ = {isa = PBXBuildFile; fileRef = ABB1EB091F285A4A00772B97 /* ImageInstallViewController.swift */; };
		ABB1EB0C1F285E6D00772B97 /* game.mp3 in Resources */ = {isa = PBXBuildFile; fileRef = ABB1EB0B1F285E6D00772B97 /* game.mp3 */; };
		ABB1EB0E1F285FFF00772B97 /* data.mp3 in Resources */ = {isa = PBXBuildFile; fileRef = ABB1EB0D1F285FFF00772B97 /* data.mp3 */; };
		ABB1EB101F305D2100772B97 /* g_Geonekomoji_free.ttf in Resources */ = {isa = PBXBuildFile; fileRef = ABB1EB0F1F305D2100772B97 /* g_Geonekomoji_free.ttf */; };
/* End PBXBuildFile section */

/* Begin PBXFileReference section */
		8BE82C88603A71D8C3CD01EC /* Pods-Quiz.debug.xcconfig */ = {isa = PBXFileReference; includeInIndex = 1; lastKnownFileType = text.xcconfig; name = "Pods-Quiz.debug.xcconfig"; path = "Pods/Target Support Files/Pods-Quiz/Pods-Quiz.debug.xcconfig"; sourceTree = "<group>"; };
		ABB1549B45609E974DE7358D /* Pods_Quiz.framework */ = {isa = PBXFileReference; explicitFileType = wrapper.framework; includeInIndex = 0; path = Pods_Quiz.framework; sourceTree = BUILT_PRODUCTS_DIR; };
		ABB1EAE11F2088EE00772B97 /* Quiz.app */ = {isa = PBXFileReference; explicitFileType = wrapper.application; includeInIndex = 0; path = Quiz.app; sourceTree = BUILT_PRODUCTS_DIR; };
		ABB1EAE41F2088EE00772B97 /* AppDelegate.swift */ = {isa = PBXFileReference; lastKnownFileType = sourcecode.swift; path = AppDelegate.swift; sourceTree = "<group>"; };
		ABB1EAE61F2088EE00772B97 /* ViewController.swift */ = {isa = PBXFileReference; lastKnownFileType = sourcecode.swift; path = ViewController.swift; sourceTree = "<group>"; };
		ABB1EAE91F2088EE00772B97 /* Base */ = {isa = PBXFileReference; lastKnownFileType = file.storyboard; name = Base; path = Base.lproj/Main.storyboard; sourceTree = "<group>"; };
		ABB1EAEB1F2088EE00772B97 /* Assets.xcassets */ = {isa = PBXFileReference; lastKnownFileType = folder.assetcatalog; path = Assets.xcassets; sourceTree = "<group>"; };
		ABB1EAEE1F2088EE00772B97 /* Base */ = {isa = PBXFileReference; lastKnownFileType = file.storyboard; name = Base; path = Base.lproj/LaunchScreen.storyboard; sourceTree = "<group>"; };
		ABB1EAF01F2088EE00772B97 /* Info.plist */ = {isa = PBXFileReference; lastKnownFileType = text.plist.xml; path = Info.plist; sourceTree = "<group>"; };
		ABB1EAF61F208B3D00772B97 /* kodarenja.jpg */ = {isa = PBXFileReference; lastKnownFileType = image.jpeg; path = kodarenja.jpg; sourceTree = "<group>"; };
		ABB1EAFA1F208D1500772B97 /* seibusen.png */ = {isa = PBXFileReference; lastKnownFileType = image.png; path = seibusen.png; sourceTree = "<group>"; };
		ABB1EAFC1F2090AC00772B97 /* Quiz.swift */ = {isa = PBXFileReference; fileEncoding = 4; lastKnownFileType = sourcecode.swift; path = Quiz.swift; sourceTree = "<group>"; };
		ABB1EAFE1F26FD0400772B97 /* RadarChartViewController.swift */ = {isa = PBXFileReference; fileEncoding = 4; lastKnownFileType = sourcecode.swift; path = RadarChartViewController.swift; sourceTree = "<group>"; };
		ABB1EB001F27016600772B97 /* blueberry */ = {isa = PBXFileReference; lastKnownFileType = folder; path = blueberry; sourceTree = "<group>"; };
		ABB1EB021F2730E400772B97 /* 003346-glossy-black-icon-media-a-media31-back.png */ = {isa = PBXFileReference; lastKnownFileType = image.png; path = "003346-glossy-black-icon-media-a-media31-back.png"; sourceTree = "<group>"; };
		ABB1EB051F28553D00772B97 /* trumpet1.mp3 */ = {isa = PBXFileReference; lastKnownFileType = audio.mp3; path = trumpet1.mp3; sourceTree = "<group>"; };
		ABB1EB071F28598800772B97 /* kodarenja_yoko.jpg */ = {isa = PBXFileReference; lastKnownFileType = image.jpeg; path = kodarenja_yoko.jpg; sourceTree = "<group>"; };
		ABB1EB091F285A4A00772B97 /* ImageInstallViewController.swift */ = {isa = PBXFileReference; fileEncoding = 4; lastKnownFileType = sourcecode.swift; path = ImageInstallViewController.swift; sourceTree = "<group>"; };
		ABB1EB0B1F285E6D00772B97 /* game.mp3 */ = {isa = PBXFileReference; lastKnownFileType = audio.mp3; path = game.mp3; sourceTree = "<group>"; };
		ABB1EB0D1F285FFF00772B97 /* data.mp3 */ = {isa = PBXFileReference; lastKnownFileType = audio.mp3; path = data.mp3; sourceTree = "<group>"; };
		ABB1EB0F1F305D2100772B97 /* g_Geonekomoji_free.ttf */ = {isa = PBXFileReference; lastKnownFileType = file; path = g_Geonekomoji_free.ttf; sourceTree = "<group>"; };
		F0CD4482F01EBD54005E65DE /* Pods-Quiz.release.xcconfig */ = {isa = PBXFileReference; includeInIndex = 1; lastKnownFileType = text.xcconfig; name = "Pods-Quiz.release.xcconfig"; path = "Pods/Target Support Files/Pods-Quiz/Pods-Quiz.release.xcconfig"; sourceTree = "<group>"; };
/* End PBXFileReference section */

/* Begin PBXFrameworksBuildPhase section */
		ABB1EADE1F2088EE00772B97 /* Frameworks */ = {
			isa = PBXFrameworksBuildPhase;
			buildActionMask = 2147483647;
			files = (
				7A0F986F7650A5E1D6D120B7 /* Pods_Quiz.framework in Frameworks */,
			);
			runOnlyForDeploymentPostprocessing = 0;
		};
/* End PBXFrameworksBuildPhase section */

/* Begin PBXGroup section */
		27F8C0554C5DCF1ABB4B590E /* Pods */ = {
			isa = PBXGroup;
			children = (
				8BE82C88603A71D8C3CD01EC /* Pods-Quiz.debug.xcconfig */,
				F0CD4482F01EBD54005E65DE /* Pods-Quiz.release.xcconfig */,
			);
			name = Pods;
			sourceTree = "<group>";
		};
		ABB1EAD81F2088EE00772B97 = {
			isa = PBXGroup;
			children = (
				ABB1EAE31F2088EE00772B97 /* Quiz */,
				ABB1EAE21F2088EE00772B97 /* Products */,
				27F8C0554C5DCF1ABB4B590E /* Pods */,
				E4EF20252C09BE91B2812E2F /* Frameworks */,
			);
			sourceTree = "<group>";
		};
		ABB1EAE21F2088EE00772B97 /* Products */ = {
			isa = PBXGroup;
			children = (
				ABB1EAE11F2088EE00772B97 /* Quiz.app */,
			);
			name = Products;
			sourceTree = "<group>";
		};
		ABB1EAE31F2088EE00772B97 /* Quiz */ = {
			isa = PBXGroup;
			children = (
				ABB1EB041F28513B00772B97 /* audio */,
				ABB1EAE41F2088EE00772B97 /* AppDelegate.swift */,
				ABB1EAE61F2088EE00772B97 /* ViewController.swift */,
				ABB1EAFA1F208D1500772B97 /* seibusen.png */,
				ABB1EB021F2730E400772B97 /* 003346-glossy-black-icon-media-a-media31-back.png */,
				ABB1EAF61F208B3D00772B97 /* kodarenja.jpg */,
				ABB1EB071F28598800772B97 /* kodarenja_yoko.jpg */,
				ABB1EB001F27016600772B97 /* blueberry */,
				ABB1EAE81F2088EE00772B97 /* Main.storyboard */,
				ABB1EAFE1F26FD0400772B97 /* RadarChartViewController.swift */,
				ABB1EB091F285A4A00772B97 /* ImageInstallViewController.swift */,
				ABB1EAFC1F2090AC00772B97 /* Quiz.swift */,
				ABB1EAEB1F2088EE00772B97 /* Assets.xcassets */,
				ABB1EAED1F2088EE00772B97 /* LaunchScreen.storyboard */,
				ABB1EAF01F2088EE00772B97 /* Info.plist */,
			);
			path = Quiz;
			sourceTree = "<group>";
		};
		ABB1EB041F28513B00772B97 /* audio */ = {
			isa = PBXGroup;
			children = (
				ABB1EB051F28553D00772B97 /* trumpet1.mp3 */,
				ABB1EB0D1F285FFF00772B97 /* data.mp3 */,
				ABB1EB0F1F305D2100772B97 /* g_Geonekomoji_free.ttf */,
				ABB1EB0B1F285E6D00772B97 /* game.mp3 */,
			);
			name = audio;
			sourceTree = "<group>";
		};
		E4EF20252C09BE91B2812E2F /* Frameworks */ = {
			isa = PBXGroup;
			children = (
				ABB1549B45609E974DE7358D /* Pods_Quiz.framework */,
			);
			name = Frameworks;
			sourceTree = "<group>";
		};
/* End PBXGroup section */

/* Begin PBXNativeTarget section */
		ABB1EAE01F2088EE00772B97 /* Quiz */ = {
			isa = PBXNativeTarget;
			buildConfigurationList = ABB1EAF31F2088EE00772B97 /* Build configuration list for PBXNativeTarget "Quiz" */;
			buildPhases = (
				9A815DA5D9435E522B413940 /* [CP] Check Pods Manifest.lock */,
				ABB1EADD1F2088EE00772B97 /* Sources */,
				ABB1EADE1F2088EE00772B97 /* Frameworks */,
				ABB1EADF1F2088EE00772B97 /* Resources */,
				DCCF717E56C5CA1D1F477A28 /* [CP] Embed Pods Frameworks */,
				526B4D710526A05852D74540 /* [CP] Copy Pods Resources */,
			);
			buildRules = (
			);
			dependencies = (
			);
			name = Quiz;
			productName = Quiz;
			productReference = ABB1EAE11F2088EE00772B97 /* Quiz.app */;
			productType = "com.apple.product-type.application";
		};
/* End PBXNativeTarget section */

/* Begin PBXProject section */
		ABB1EAD91F2088EE00772B97 /* Project object */ = {
			isa = PBXProject;
			attributes = {
				LastSwiftUpdateCheck = 0830;
				LastUpgradeCheck = 0830;
				ORGANIZATIONNAME = nttr;
				TargetAttributes = {
					ABB1EAE01F2088EE00772B97 = {
						CreatedOnToolsVersion = 8.3.3;
						DevelopmentTeam = 7F5HW4P3JP;
						ProvisioningStyle = Automatic;
					};
				};
			};
			buildConfigurationList = ABB1EADC1F2088EE00772B97 /* Build configuration list for PBXProject "Quiz" */;
			compatibilityVersion = "Xcode 3.2";
			developmentRegion = English;
			hasScannedForEncodings = 0;
			knownRegions = (
				en,
				Base,
			);
			mainGroup = ABB1EAD81F2088EE00772B97;
			productRefGroup = ABB1EAE21F2088EE00772B97 /* Products */;
			projectDirPath = "";
			projectRoot = "";
			targets = (
				ABB1EAE01F2088EE00772B97 /* Quiz */,
			);
		};
/* End PBXProject section */

/* Begin PBXResourcesBuildPhase section */
		ABB1EADF1F2088EE00772B97 /* Resources */ = {
			isa = PBXResourcesBuildPhase;
			buildActionMask = 2147483647;
			files = (
				ABB1EAEF1F2088EE00772B97 /* LaunchScreen.storyboard in Resources */,
				ABB1EAEC1F2088EE00772B97 /* Assets.xcassets in Resources */,
				ABB1EAFB1F208D1500772B97 /* seibusen.png in Resources */,
				ABB1EAEA1F2088EE00772B97 /* Main.storyboard in Resources */,
				ABB1EB101F305D2100772B97 /* g_Geonekomoji_free.ttf in Resources */,
				ABB1EB061F28553D00772B97 /* trumpet1.mp3 in Resources */,
				ABB1EB081F28598800772B97 /* kodarenja_yoko.jpg in Resources */,
				ABB1EB0E1F285FFF00772B97 /* data.mp3 in Resources */,
				ABB1EB0C1F285E6D00772B97 /* game.mp3 in Resources */,
				ABB1EB031F2730E400772B97 /* 003346-glossy-black-icon-media-a-media31-back.png in Resources */,
				ABB1EAF71F208B3D00772B97 /* kodarenja.jpg in Resources */,
				ABB1EB011F27016600772B97 /* blueberry in Resources */,
			);
			runOnlyForDeploymentPostprocessing = 0;
		};
/* End PBXResourcesBuildPhase section */

/* Begin PBXShellScriptBuildPhase section */
		526B4D710526A05852D74540 /* [CP] Copy Pods Resources */ = {
			isa = PBXShellScriptBuildPhase;
			buildActionMask = 2147483647;
			files = (
			);
			inputPaths = (
			);
			name = "[CP] Copy Pods Resources";
			outputPaths = (
			);
			runOnlyForDeploymentPostprocessing = 0;
			shellPath = /bin/sh;
			shellScript = "\"${SRCROOT}/Pods/Target Support Files/Pods-Quiz/Pods-Quiz-resources.sh\"\n";
			showEnvVarsInLog = 0;
		};
		9A815DA5D9435E522B413940 /* [CP] Check Pods Manifest.lock */ = {
			isa = PBXShellScriptBuildPhase;
			buildActionMask = 2147483647;
			files = (
			);
			inputPaths = (
			);
			name = "[CP] Check Pods Manifest.lock";
			outputPaths = (
			);
			runOnlyForDeploymentPostprocessing = 0;
			shellPath = /bin/sh;
			shellScript = "diff \"${PODS_PODFILE_DIR_PATH}/Podfile.lock\" \"${PODS_ROOT}/Manifest.lock\" > /dev/null\nif [ $? != 0 ] ; then\n    # print error to STDERR\n    echo \"error: The sandbox is not in sync with the Podfile.lock. Run 'pod install' or update your CocoaPods installation.\" >&2\n    exit 1\nfi\n";
			showEnvVarsInLog = 0;
		};
		DCCF717E56C5CA1D1F477A28 /* [CP] Embed Pods Frameworks */ = {
			isa = PBXShellScriptBuildPhase;
			buildActionMask = 2147483647;
			files = (
			);
			inputPaths = (
			);
			name = "[CP] Embed Pods Frameworks";
			outputPaths = (
			);
			runOnlyForDeploymentPostprocessing = 0;
			shellPath = /bin/sh;
			shellScript = "\"${SRCROOT}/Pods/Target Support Files/Pods-Quiz/Pods-Quiz-frameworks.sh\"\n";
			showEnvVarsInLog = 0;
		};
/* End PBXShellScriptBuildPhase section */

/* Begin PBXSourcesBuildPhase section */
		ABB1EADD1F2088EE00772B97 /* Sources */ = {
			isa = PBXSourcesBuildPhase;
			buildActionMask = 2147483647;
			files = (
				ABB1EAFF1F26FD0400772B97 /* RadarChartViewController.swift in Sources */,
				ABB1EAE71F2088EE00772B97 /* ViewController.swift in Sources */,
				ABB1EB0A1F285A4A00772B97 /* ImageInstallViewController.swift in Sources */,
				ABB1EAE51F2088EE00772B97 /* AppDelegate.swift in Sources */,
				ABB1EAFD1F2090AC00772B97 /* Quiz.swift in Sources */,
			);
			runOnlyForDeploymentPostprocessing = 0;
		};
/* End PBXSourcesBuildPhase section */

/* Begin PBXVariantGroup section */
		ABB1EAE81F2088EE00772B97 /* Main.storyboard */ = {
			isa = PBXVariantGroup;
			children = (
				ABB1EAE91F2088EE00772B97 /* Base */,
			);
			name = Main.storyboard;
			sourceTree = "<group>";
		};
		ABB1EAED1F2088EE00772B97 /* LaunchScreen.storyboard */ = {
			isa = PBXVariantGroup;
			children = (
				ABB1EAEE1F2088EE00772B97 /* Base */,
			);
			name = LaunchScreen.storyboard;
			sourceTree = "<group>";
		};
/* End PBXVariantGroup section */

/* Begin XCBuildConfiguration section */
		ABB1EAF11F2088EE00772B97 /* Debug */ = {
			isa = XCBuildConfiguration;
			buildSettings = {
				ALWAYS_SEARCH_USER_PATHS = NO;
				CLANG_ANALYZER_NONNULL = YES;
				CLANG_ANALYZER_NUMBER_OBJECT_CONVERSION = YES_AGGRESSIVE;
				CLANG_CXX_LANGUAGE_STANDARD = "gnu++0x";
				CLANG_CXX_LIBRARY = "libc++";
				CLANG_ENABLE_MODULES = YES;
				CLANG_ENABLE_OBJC_ARC = YES;
				CLANG_WARN_BOOL_CONVERSION = YES;
				CLANG_WARN_CONSTANT_CONVERSION = YES;
				CLANG_WARN_DIRECT_OBJC_ISA_USAGE = YES_ERROR;
				CLANG_WARN_DOCUMENTATION_COMMENTS = YES;
				CLANG_WARN_EMPTY_BODY = YES;
				CLANG_WARN_ENUM_CONVERSION = YES;
				CLANG_WARN_INFINITE_RECURSION = YES;
				CLANG_WARN_INT_CONVERSION = YES;
				CLANG_WARN_OBJC_ROOT_CLASS = YES_ERROR;
				CLANG_WARN_SUSPICIOUS_MOVE = YES;
				CLANG_WARN_UNREACHABLE_CODE = YES;
				CLANG_WARN__DUPLICATE_METHOD_MATCH = YES;
				"CODE_SIGN_IDENTITY[sdk=iphoneos*]" = "iPhone Developer";
				COPY_PHASE_STRIP = NO;
				DEBUG_INFORMATION_FORMAT = dwarf;
				ENABLE_STRICT_OBJC_MSGSEND = YES;
				ENABLE_TESTABILITY = YES;
				GCC_C_LANGUAGE_STANDARD = gnu99;
				GCC_DYNAMIC_NO_PIC = NO;
				GCC_NO_COMMON_BLOCKS = YES;
				GCC_OPTIMIZATION_LEVEL = 0;
				GCC_PREPROCESSOR_DEFINITIONS = (
					"DEBUG=1",
					"$(inherited)",
				);
				GCC_WARN_64_TO_32_BIT_CONVERSION = YES;
				GCC_WARN_ABOUT_RETURN_TYPE = YES_ERROR;
				GCC_WARN_UNDECLARED_SELECTOR = YES;
				GCC_WARN_UNINITIALIZED_AUTOS = YES_AGGRESSIVE;
				GCC_WARN_UNUSED_FUNCTION = YES;
				GCC_WARN_UNUSED_VARIABLE = YES;
				IPHONEOS_DEPLOYMENT_TARGET = 10.3;
				MTL_ENABLE_DEBUG_INFO = YES;
				ONLY_ACTIVE_ARCH = YES;
				SDKROOT = iphoneos;
				SWIFT_ACTIVE_COMPILATION_CONDITIONS = DEBUG;
				SWIFT_OPTIMIZATION_LEVEL = "-Onone";
			};
			name = Debug;
		};
		ABB1EAF21F2088EE00772B97 /* Release */ = {
			isa = XCBuildConfiguration;
			buildSettings = {
				ALWAYS_SEARCH_USER_PATHS = NO;
				CLANG_ANALYZER_NONNULL = YES;
				CLANG_ANALYZER_NUMBER_OBJECT_CONVERSION = YES_AGGRESSIVE;
				CLANG_CXX_LANGUAGE_STANDARD = "gnu++0x";
				CLANG_CXX_LIBRARY = "libc++";
				CLANG_ENABLE_MODULES = YES;
				CLANG_ENABLE_OBJC_ARC = YES;
				CLANG_WARN_BOOL_CONVERSION = YES;
				CLANG_WARN_CONSTANT_CONVERSION = YES;
				CLANG_WARN_DIRECT_OBJC_ISA_USAGE = YES_ERROR;
				CLANG_WARN_DOCUMENTATION_COMMENTS = YES;
				CLANG_WARN_EMPTY_BODY = YES;
				CLANG_WARN_ENUM_CONVERSION = YES;
				CLANG_WARN_INFINITE_RECURSION = YES;
				CLANG_WARN_INT_CONVERSION = YES;
				CLANG_WARN_OBJC_ROOT_CLASS = YES_ERROR;
				CLANG_WARN_SUSPICIOUS_MOVE = YES;
				CLANG_WARN_UNREACHABLE_CODE = YES;
				CLANG_WARN__DUPLICATE_METHOD_MATCH = YES;
				"CODE_SIGN_IDENTITY[sdk=iphoneos*]" = "iPhone Developer";
				COPY_PHASE_STRIP = NO;
				DEBUG_INFORMATION_FORMAT = "dwarf-with-dsym";
				ENABLE_NS_ASSERTIONS = NO;
				ENABLE_STRICT_OBJC_MSGSEND = YES;
				GCC_C_LANGUAGE_STANDARD = gnu99;
				GCC_NO_COMMON_BLOCKS = YES;
				GCC_WARN_64_TO_32_BIT_CONVERSION = YES;
				GCC_WARN_ABOUT_RETURN_TYPE = YES_ERROR;
				GCC_WARN_UNDECLARED_SELECTOR = YES;
				GCC_WARN_UNINITIALIZED_AUTOS = YES_AGGRESSIVE;
				GCC_WARN_UNUSED_FUNCTION = YES;
				GCC_WARN_UNUSED_VARIABLE = YES;
				IPHONEOS_DEPLOYMENT_TARGET = 10.3;
				MTL_ENABLE_DEBUG_INFO = NO;
				SDKROOT = iphoneos;
				SWIFT_OPTIMIZATION_LEVEL = "-Owholemodule";
				VALIDATE_PRODUCT = YES;
			};
			name = Release;
		};
		ABB1EAF41F2088EE00772B97 /* Debug */ = {
			isa = XCBuildConfiguration;
			baseConfigurationReference = 8BE82C88603A71D8C3CD01EC /* Pods-Quiz.debug.xcconfig */;
			buildSettings = {
				ASSETCATALOG_COMPILER_APPICON_NAME = AppIcon;
				DEVELOPMENT_TEAM = 7F5HW4P3JP;
				INFOPLIST_FILE = Quiz/Info.plist;
				LD_RUNPATH_SEARCH_PATHS = "$(inherited) @executable_path/Frameworks";
				PRODUCT_BUNDLE_IDENTIFIER = koga.net.Quiz;
				PRODUCT_NAME = "$(TARGET_NAME)";
				SWIFT_VERSION = 3.0;
			};
			name = Debug;
		};
		ABB1EAF51F2088EE00772B97 /* Release */ = {
			isa = XCBuildConfiguration;
			baseConfigurationReference = F0CD4482F01EBD54005E65DE /* Pods-Quiz.release.xcconfig */;
			buildSettings = {
				ASSETCATALOG_COMPILER_APPICON_NAME = AppIcon;
				DEVELOPMENT_TEAM = 7F5HW4P3JP;
				INFOPLIST_FILE = Quiz/Info.plist;
				LD_RUNPATH_SEARCH_PATHS = "$(inherited) @executable_path/Frameworks";
				PRODUCT_BUNDLE_IDENTIFIER = koga.net.Quiz;
				PRODUCT_NAME = "$(TARGET_NAME)";
				SWIFT_VERSION = 3.0;
			};
			name = Release;
		};
/* End XCBuildConfiguration section */

/* Begin XCConfigurationList section */
		ABB1EADC1F2088EE00772B97 /* Build configuration list for PBXProject "Quiz" */ = {
			isa = XCConfigurationList;
			buildConfigurations = (
				ABB1EAF11F2088EE00772B97 /* Debug */,
				ABB1EAF21F2088EE00772B97 /* Release */,
			);
			defaultConfigurationIsVisible = 0;
			defaultConfigurationName = Release;
		};
		ABB1EAF31F2088EE00772B97 /* Build configuration list for PBXNativeTarget "Quiz" */ = {
			isa = XCConfigurationList;
			buildConfigurations = (
				ABB1EAF41F2088EE00772B97 /* Debug */,
				ABB1EAF51F2088EE00772B97 /* Release */,
			);
			defaultConfigurationIsVisible = 0;
			defaultConfigurationName = Release;
		};
/* End XCConfigurationList section */
	};
	rootObject = ABB1EAD91F2088EE00772B97 /* Project object */;
}
